
Microsoft Visual Studio Solution File, Format Version 12.00
# Visual Studio Version 17
VisualStudioVersion = 17.14.36623.8 d17.14
MinimumVisualStudioVersion = 10.0.40219.1
Project("{FAE04EC0-301F-11D3-BF4B-00C04F79EFBC}") = "School Management API", "School Management API\School Management API.csproj", "{5161FD91-2B5A-4E39-AB1D-DC59F2695BEB}"
EndProject
Global
	GlobalSection(SolutionConfigurationPlatforms) = preSolution
		Debug|Any CPU = Debug|Any CPU
		Release|Any CPU = Release|Any CPU
	EndGlobalSection
	GlobalSection(ProjectConfigurationPlatforms) = postSolution
		{5161FD91-2B5A-4E39-AB1D-DC59F2695BEB}.Debug|Any CPU.ActiveCfg = Debug|Any CPU
		{5161FD91-2B5A-4E39-AB1D-DC59F2695BEB}.Debug|Any CPU.Build.0 = Debug|Any CPU
		{5161FD91-2B5A-4E39-AB1D-DC59F2695BEB}.Release|Any CPU.ActiveCfg = Release|Any CPU
		{5161FD91-2B5A-4E39-AB1D-DC59F2695BEB}.Release|Any CPU.Build.0 = Release|Any CPU
	EndGlobalSection
	GlobalSection(SolutionProperties) = preSolution
		HideSolutionNode = FALSE
	EndGlobalSection
	GlobalSection(ExtensibilityGlobals) = postSolution
		SolutionGuid = {97435E06-E6D9-4584-8DB1-B94FF25504B4}
	EndGlobalSection
EndGlobal
